
Microsoft Visual Studio Solution File, Format Version 12.00
# Visual Studio Version 16
VisualStudioVersion = 16.0.29905.134
MinimumVisualStudioVersion = 10.0.40219.1
Project("{FAE04EC0-301F-11D3-BF4B-00C04F79EFBC}") = "Hangfire.FluentNHibernate.WinformsApplication", "Hangfire.FluentNHibernate.SampleApplication\Hangfire.FluentNHibernate.WinformsApplication.csproj", "{7BF347BC-A06B-431E-9234-E3BBD6AF10DD}"
EndProject
Project("{2150E333-8FDC-42A3-9474-1A3956D46DE8}") = "Documents", "Documents", "{1180E1D6-1D07-4325-A742-ABA4E16722C1}"
	ProjectSection(SolutionItems) = preProject
		COPYING = COPYING
		COPYING.LESSER = COPYING.LESSER
		nuspecs\Hangfire.FluentNHibernateStorage.nuspec = nuspecs\Hangfire.FluentNHibernateStorage.nuspec
		LICENSE.MD = LICENSE.MD
		README.md = README.md
	EndProjectSection
EndProject
Project("{9A19103F-16F7-4668-BE54-9A1E7A4F7556}") = "Hangfire.FluentNHibernateStorage", "Hangfire.FluentNHibernateStorage\Hangfire.FluentNHibernateStorage.csproj", "{A133D2D4-003A-4F3C-A9C0-DAD797172E0D}"
EndProject
Project("{9A19103F-16F7-4668-BE54-9A1E7A4F7556}") = "Hangfire.FluentNHibernate.ConsoleApplication", "Hangfire.FluentNHibernate.ConsoleApplication\Hangfire.FluentNHibernate.ConsoleApplication.csproj", "{DAFD270B-EFFE-4C41-8D50-E8D800E3D332}"
EndProject
Project("{FAE04EC0-301F-11D3-BF4B-00C04F79EFBC}") = "Hangfire.FluentNHibernateStorage.Tests", "Hangfire.FluentNHibernateStorage.Tests\Hangfire.FluentNHibernateStorage.Tests.csproj", "{6DFFA275-C483-4501-823A-741AC9EC0846}"
EndProject
Project("{9A19103F-16F7-4668-BE54-9A1E7A4F7556}") = "Hangfire.FluentNHibernateStorage.WebApplication", "Hangfire.FluentNHibernateStorage.WebApplication\Hangfire.FluentNHibernateStorage.WebApplication.csproj", "{39B6756A-BC7D-40E5-8340-AD26BA6B7EC1}"
EndProject
Project("{9A19103F-16F7-4668-BE54-9A1E7A4F7556}") = "Hangfire.FluentNHibernate.SampleStuff", "Hangfire.FluentNHibernate.SampleStuff\Hangfire.FluentNHibernate.SampleStuff.csproj", "{A577A64E-E5D8-436C-B8CF-8029738B2A72}"
EndProject
Project("{2150E333-8FDC-42A3-9474-1A3956D46DE8}") = "Samples", "Samples", "{5F60D5C3-60CC-4AFD-8E5B-A9864FBBAE5E}"
EndProject
Global
	GlobalSection(SolutionConfigurationPlatforms) = preSolution
		Debug|Any CPU = Debug|Any CPU
		Debug|x86 = Debug|x86
		Release|Any CPU = Release|Any CPU
		Release|x86 = Release|x86
	EndGlobalSection
	GlobalSection(ProjectConfigurationPlatforms) = postSolution
		{7BF347BC-A06B-431E-9234-E3BBD6AF10DD}.Debug|Any CPU.ActiveCfg = Debug|Any CPU
		{7BF347BC-A06B-431E-9234-E3BBD6AF10DD}.Debug|Any CPU.Build.0 = Debug|Any CPU
		{7BF347BC-A06B-431E-9234-E3BBD6AF10DD}.Debug|x86.ActiveCfg = Debug|Any CPU
		{7BF347BC-A06B-431E-9234-E3BBD6AF10DD}.Debug|x86.Build.0 = Debug|Any CPU
		{7BF347BC-A06B-431E-9234-E3BBD6AF10DD}.Release|Any CPU.ActiveCfg = Release|Any CPU
		{7BF347BC-A06B-431E-9234-E3BBD6AF10DD}.Release|Any CPU.Build.0 = Release|Any CPU
		{7BF347BC-A06B-431E-9234-E3BBD6AF10DD}.Release|x86.ActiveCfg = Release|Any CPU
		{7BF347BC-A06B-431E-9234-E3BBD6AF10DD}.Release|x86.Build.0 = Release|Any CPU
		{A133D2D4-003A-4F3C-A9C0-DAD797172E0D}.Debug|Any CPU.ActiveCfg = Debug|Any CPU
		{A133D2D4-003A-4F3C-A9C0-DAD797172E0D}.Debug|Any CPU.Build.0 = Debug|Any CPU
		{A133D2D4-003A-4F3C-A9C0-DAD797172E0D}.Debug|x86.ActiveCfg = Debug|Any CPU
		{A133D2D4-003A-4F3C-A9C0-DAD797172E0D}.Debug|x86.Build.0 = Debug|Any CPU
		{A133D2D4-003A-4F3C-A9C0-DAD797172E0D}.Release|Any CPU.ActiveCfg = Release|Any CPU
		{A133D2D4-003A-4F3C-A9C0-DAD797172E0D}.Release|Any CPU.Build.0 = Release|Any CPU
		{A133D2D4-003A-4F3C-A9C0-DAD797172E0D}.Release|x86.ActiveCfg = Release|Any CPU
		{A133D2D4-003A-4F3C-A9C0-DAD797172E0D}.Release|x86.Build.0 = Release|Any CPU
		{DAFD270B-EFFE-4C41-8D50-E8D800E3D332}.Debug|Any CPU.ActiveCfg = Debug|Any CPU
		{DAFD270B-EFFE-4C41-8D50-E8D800E3D332}.Debug|Any CPU.Build.0 = Debug|Any CPU
		{DAFD270B-EFFE-4C41-8D50-E8D800E3D332}.Debug|x86.ActiveCfg = Debug|Any CPU
		{DAFD270B-EFFE-4C41-8D50-E8D800E3D332}.Debug|x86.Build.0 = Debug|Any CPU
		{DAFD270B-EFFE-4C41-8D50-E8D800E3D332}.Release|Any CPU.ActiveCfg = Release|Any CPU
		{DAFD270B-EFFE-4C41-8D50-E8D800E3D332}.Release|Any CPU.Build.0 = Release|Any CPU
		{DAFD270B-EFFE-4C41-8D50-E8D800E3D332}.Release|x86.ActiveCfg = Release|Any CPU
		{DAFD270B-EFFE-4C41-8D50-E8D800E3D332}.Release|x86.Build.0 = Release|Any CPU
		{6DFFA275-C483-4501-823A-741AC9EC0846}.Debug|Any CPU.ActiveCfg = Debug|Any CPU
		{6DFFA275-C483-4501-823A-741AC9EC0846}.Debug|Any CPU.Build.0 = Debug|Any CPU
		{6DFFA275-C483-4501-823A-741AC9EC0846}.Debug|x86.ActiveCfg = Debug|x86
		{6DFFA275-C483-4501-823A-741AC9EC0846}.Debug|x86.Build.0 = Debug|x86
		{6DFFA275-C483-4501-823A-741AC9EC0846}.Release|Any CPU.ActiveCfg = Release|Any CPU
		{6DFFA275-C483-4501-823A-741AC9EC0846}.Release|Any CPU.Build.0 = Release|Any CPU
		{6DFFA275-C483-4501-823A-741AC9EC0846}.Release|x86.ActiveCfg = Release|x86
		{6DFFA275-C483-4501-823A-741AC9EC0846}.Release|x86.Build.0 = Release|x86
		{39B6756A-BC7D-40E5-8340-AD26BA6B7EC1}.Debug|Any CPU.ActiveCfg = Debug|Any CPU
		{39B6756A-BC7D-40E5-8340-AD26BA6B7EC1}.Debug|Any CPU.Build.0 = Debug|Any CPU
		{39B6756A-BC7D-40E5-8340-AD26BA6B7EC1}.Debug|x86.ActiveCfg = Debug|Any CPU
		{39B6756A-BC7D-40E5-8340-AD26BA6B7EC1}.Debug|x86.Build.0 = Debug|Any CPU
		{39B6756A-BC7D-40E5-8340-AD26BA6B7EC1}.Release|Any CPU.ActiveCfg = Release|Any CPU
		{39B6756A-BC7D-40E5-8340-AD26BA6B7EC1}.Release|Any CPU.Build.0 = Release|Any CPU
		{39B6756A-BC7D-40E5-8340-AD26BA6B7EC1}.Release|x86.ActiveCfg = Release|Any CPU
		{39B6756A-BC7D-40E5-8340-AD26BA6B7EC1}.Release|x86.Build.0 = Release|Any CPU
		{A577A64E-E5D8-436C-B8CF-8029738B2A72}.Debug|Any CPU.ActiveCfg = Debug|Any CPU
		{A577A64E-E5D8-436C-B8CF-8029738B2A72}.Debug|Any CPU.Build.0 = Debug|Any CPU
		{A577A64E-E5D8-436C-B8CF-8029738B2A72}.Debug|x86.ActiveCfg = Debug|Any CPU
		{A577A64E-E5D8-436C-B8CF-8029738B2A72}.Debug|x86.Build.0 = Debug|Any CPU
		{A577A64E-E5D8-436C-B8CF-8029738B2A72}.Release|Any CPU.ActiveCfg = Release|Any CPU
		{A577A64E-E5D8-436C-B8CF-8029738B2A72}.Release|Any CPU.Build.0 = Release|Any CPU
		{A577A64E-E5D8-436C-B8CF-8029738B2A72}.Release|x86.ActiveCfg = Release|Any CPU
		{A577A64E-E5D8-436C-B8CF-8029738B2A72}.Release|x86.Build.0 = Release|Any CPU
	EndGlobalSection
	GlobalSection(SolutionProperties) = preSolution
		HideSolutionNode = FALSE
	EndGlobalSection
	GlobalSection(NestedProjects) = preSolution
		{7BF347BC-A06B-431E-9234-E3BBD6AF10DD} = {5F60D5C3-60CC-4AFD-8E5B-A9864FBBAE5E}
		{DAFD270B-EFFE-4C41-8D50-E8D800E3D332} = {5F60D5C3-60CC-4AFD-8E5B-A9864FBBAE5E}
		{39B6756A-BC7D-40E5-8340-AD26BA6B7EC1} = {5F60D5C3-60CC-4AFD-8E5B-A9864FBBAE5E}
		{A577A64E-E5D8-436C-B8CF-8029738B2A72} = {5F60D5C3-60CC-4AFD-8E5B-A9864FBBAE5E}
	EndGlobalSection
	GlobalSection(ExtensibilityGlobals) = postSolution
		SolutionGuid = {B0B4B006-794F-4C77-9593-33815CC2FE0D}
	EndGlobalSection
EndGlobal
